{
  "name": "P2FixAnAppDotNetCode",
  "lockfileVersion": 3,
  "requires": true,
  "packages": {
    "": {
      "dependencies": {
        "wwwroot": "^1.0.1"
      }
    },
    "node_modules/wwwroot": {
      "version": "1.0.1",
      "resolved": "https://registry.npmjs.org/wwwroot/-/wwwroot-1.0.1.tgz",
      "integrity": "sha512-if3imMpHPVWYmBUy+pdtIFtXjrlNtm7spnQC7SIrF0/2zznZYs9DAwYuyvbk1OMK9oqqGviWXHE7Bss+CLRXOg==",
      "license": "ISC"
    }
  }
}
